// !$*UTF8*$!
{
	archiveVersion = 1;
	classes = {
	};
	objectVersion = 50;
	objects = {

/* Begin PBXFileReference section */
		0A026D7523E40C100090DA45 /* theme.css */ = {isa = PBXFileReference; lastKnownFileType = text.css; path = theme.css; sourceTree = "<group>"; };
		0A026D7623E40C100090DA45 /* theme-elements.css */ = {isa = PBXFileReference; lastKnownFileType = text.css; path = "theme-elements.css"; sourceTree = "<group>"; };
		0A026D7823E40C100090DA45 /* default.css */ = {isa = PBXFileReference; lastKnownFileType = text.css; path = default.css; sourceTree = "<group>"; };
		0A026D7923E40C100090DA45 /* style.css */ = {isa = PBXFileReference; lastKnownFileType = text.css; path = style.css; sourceTree = "<group>"; };
		0A026D7A23E40C100090DA45 /* theme-blog.css */ = {isa = PBXFileReference; lastKnownFileType = text.css; path = "theme-blog.css"; sourceTree = "<group>"; };
		0A026D7C23E40C100090DA45 /* theme.js */ = {isa = PBXFileReference; lastKnownFileType = sourcecode.javascript; path = theme.js; sourceTree = "<group>"; };
		0A026D7E23E40C100090DA45 /* theme.init.js */ = {isa = PBXFileReference; lastKnownFileType = sourcecode.javascript; path = theme.init.js; sourceTree = "<group>"; };
		0A026D8223E40C100090DA45 /* bootstrap.min.css */ = {isa = PBXFileReference; lastKnownFileType = text.css; path = bootstrap.min.css; sourceTree = "<group>"; };
		0A026D8323E40C100090DA45 /* bootstrap.css */ = {isa = PBXFileReference; lastKnownFileType = text.css; path = bootstrap.css; sourceTree = "<group>"; };
		0A026D8623E40C100090DA45 /* bootstrap.css */ = {isa = PBXFileReference; lastKnownFileType = text.css; path = bootstrap.css; sourceTree = "<group>"; };
		0A026D8823E40C100090DA45 /* forms.less */ = {isa = PBXFileReference; lastKnownFileType = text; path = forms.less; sourceTree = "<group>"; };
		0A026D8923E40C100090DA45 /* utilities.less */ = {isa = PBXFileReference; lastKnownFileType = text; path = utilities.less; sourceTree = "<group>"; };
		0A026D8A23E40C100090DA45 /* navs.less */ = {isa = PBXFileReference; lastKnownFileType = text; path = navs.less; sourceTree = "<group>"; };
		0A026D8B23E40C100090DA45 /* component-animations.less */ = {isa = PBXFileReference; lastKnownFileType = text; path = "component-animations.less"; sourceTree = "<group>"; };
		0A026D8C23E40C100090DA45 /* responsive-utilities.less */ = {isa = PBXFileReference; lastKnownFileType = text; path = "responsive-utilities.less"; sourceTree = "<group>"; };
		0A026D8D23E40C100090DA45 /* grid.less */ = {isa = PBXFileReference; lastKnownFileType = text; path = grid.less; sourceTree = "<group>"; };
		0A026D8E23E40C100090DA45 /* breadcrumbs.less */ = {isa = PBXFileReference; lastKnownFileType = text; path = breadcrumbs.less; sourceTree = "<group>"; };
		0A026D8F23E40C100090DA45 /* media.less */ = {isa = PBXFileReference; lastKnownFileType = text; path = media.less; sourceTree = "<group>"; };
		0A026D9123E40C100090DA45 /* forms.less */ = {isa = PBXFileReference; lastKnownFileType = text; path = forms.less; sourceTree = "<group>"; };
		0A026D9223E40C100090DA45 /* text-emphasis.less */ = {isa = PBXFileReference; lastKnownFileType = text; path = "text-emphasis.less"; sourceTree = "<group>"; };
		0A026D9323E40C100090DA45 /* nav-vertical-align.less */ = {isa = PBXFileReference; lastKnownFileType = text; path = "nav-vertical-align.less"; sourceTree = "<group>"; };
		0A026D9423E40C100090DA45 /* table-row.less */ = {isa = PBXFileReference; lastKnownFileType = text; path = "table-row.less"; sourceTree = "<group>"; };
		0A026D9523E40C100090DA45 /* hide-text.less */ = {isa = PBXFileReference; lastKnownFileType = text; path = "hide-text.less"; sourceTree = "<group>"; };
		0A026D9623E40C100090DA45 /* grid.less */ = {isa = PBXFileReference; lastKnownFileType = text; path = grid.less; sourceTree = "<group>"; };
		0A026D9723E40C100090DA45 /* gradients.less */ = {isa = PBXFileReference; lastKnownFileType = text; path = gradients.less; sourceTree = "<group>"; };
		0A026D9823E40C100090DA45 /* nav-divider.less */ = {isa = PBXFileReference; lastKnownFileType = text; path = "nav-divider.less"; sourceTree = "<group>"; };
		0A026D9923E40C100090DA45 /* buttons.less */ = {isa = PBXFileReference; lastKnownFileType = text; path = buttons.less; sourceTree = "<group>"; };
		0A026D9A23E40C100090DA45 /* list-group.less */ = {isa = PBXFileReference; lastKnownFileType = text; path = "list-group.less"; sourceTree = "<group>"; };
		0A026D9B23E40C100090DA45 /* image.less */ = {isa = PBXFileReference; lastKnownFileType = text; path = image.less; sourceTree = "<group>"; };
		0A026D9C23E40C100090DA45 /* reset-filter.less */ = {isa = PBXFileReference; lastKnownFileType = text; path = "reset-filter.less"; sourceTree = "<group>"; };
		0A026D9D23E40C100090DA45 /* text-overflow.less */ = {isa = PBXFileReference; lastKnownFileType = text; path = "text-overflow.less"; sourceTree = "<group>"; };
		0A026D9E23E40C100090DA45 /* background-variant.less */ = {isa = PBXFileReference; lastKnownFileType = text; path = "background-variant.less"; sourceTree = "<group>"; };
		0A026D9F23E40C100090DA45 /* pagination.less */ = {isa = PBXFileReference; lastKnownFileType = text; path = pagination.less; sourceTree = "<group>"; };
		0A026DA023E40C100090DA45 /* center-block.less */ = {isa = PBXFileReference; lastKnownFileType = text; path = "center-block.less"; sourceTree = "<group>"; };
		0A026DA123E40C100090DA45 /* responsive-visibility.less */ = {isa = PBXFileReference; lastKnownFileType = text; path = "responsive-visibility.less"; sourceTree = "<group>"; };
		0A026DA223E40C100090DA45 /* labels.less */ = {isa = PBXFileReference; lastKnownFileType = text; path = labels.less; sourceTree = "<group>"; };
		0A026DA323E40C100090DA45 /* grid-framework.less */ = {isa = PBXFileReference; lastKnownFileType = text; path = "grid-framework.less"; sourceTree = "<group>"; };
		0A026DA423E40C100090DA45 /* border-radius.less */ = {isa = PBXFileReference; lastKnownFileType = text; path = "border-radius.less"; sourceTree = "<group>"; };
		0A026DA523E40C100090DA45 /* clearfix.less */ = {isa = PBXFileReference; lastKnownFileType = text; path = clearfix.less; sourceTree = "<group>"; };
		0A026DA623E40C100090DA45 /* opacity.less */ = {isa = PBXFileReference; lastKnownFileType = text; path = opacity.less; sourceTree = "<group>"; };
		0A026DA723E40C100090DA45 /* alerts.less */ = {isa = PBXFileReference; lastKnownFileType = text; path = alerts.less; sourceTree = "<group>"; };
		0A026DA823E40C100090DA45 /* progress-bar.less */ = {isa = PBXFileReference; lastKnownFileType = text; path = "progress-bar.less"; sourceTree = "<group>"; };
		0A026DA923E40C100090DA45 /* vendor-prefixes.less */ = {isa = PBXFileReference; lastKnownFileType = text; path = "vendor-prefixes.less"; sourceTree = "<group>"; };
		0A026DAA23E40C100090DA45 /* reset-text.less */ = {isa = PBXFileReference; lastKnownFileType = text; path = "reset-text.less"; sourceTree = "<group>"; };
		0A026DAB23E40C100090DA45 /* panels.less */ = {isa = PBXFileReference; lastKnownFileType = text; path = panels.less; sourceTree = "<group>"; };
		0A026DAC23E40C100090DA45 /* tab-focus.less */ = {isa = PBXFileReference; lastKnownFileType = text; path = "tab-focus.less"; sourceTree = "<group>"; };
		0A026DAD23E40C100090DA45 /* carousel.less */ = {isa = PBXFileReference; lastKnownFileType = text; path = carousel.less; sourceTree = "<group>"; };
		0A026DAE23E40C100090DA45 /* print.less */ = {isa = PBXFileReference; lastKnownFileType = text; path = print.less; sourceTree = "<group>"; };
		0A026DAF23E40C100090DA45 /* buttons.less */ = {isa = PBXFileReference; lastKnownFileType = text; path = buttons.less; sourceTree = "<group>"; };
		0A026DB023E40C100090DA45 /* list-group.less */ = {isa = PBXFileReference; lastKnownFileType = text; path = "list-group.less"; sourceTree = "<group>"; };
		0A026DB123E40C100090DA45 /* navbar.less */ = {isa = PBXFileReference; lastKnownFileType = text; path = navbar.less; sourceTree = "<group>"; };
		0A026DB223E40C100090DA45 /* button-groups.less */ = {isa = PBXFileReference; lastKnownFileType = text; path = "button-groups.less"; sourceTree = "<group>"; };
		0A026DB323E40C100090DA45 /* progress-bars.less */ = {isa = PBXFileReference; lastKnownFileType = text; path = "progress-bars.less"; sourceTree = "<group>"; };
		0A026DB423E40C100090DA45 /* glyphicons.less */ = {isa = PBXFileReference; lastKnownFileType = text; path = glyphicons.less; sourceTree = "<group>"; };
		0A026DB523E40C100090DA45 /* responsive-embed.less */ = {isa = PBXFileReference; lastKnownFileType = text; path = "responsive-embed.less"; sourceTree = "<group>"; };
		0A026DB623E40C100090DA45 /* jumbotron.less */ = {isa = PBXFileReference; lastKnownFileType = text; path = jumbotron.less; sourceTree = "<group>"; };
		0A026DB723E40C100090DA45 /* badges.less */ = {isa = PBXFileReference; lastKnownFileType = text; path = badges.less; sourceTree = "<group>"; };
		0A026DB823E40C100090DA45 /* pagination.less */ = {isa = PBXFileReference; lastKnownFileType = text; path = pagination.less; sourceTree = "<group>"; };
		0A026DB923E40C100090DA45 /* pager.less */ = {isa = PBXFileReference; lastKnownFileType = text; path = pager.less; sourceTree = "<group>"; };
		0A026DBA23E40C100090DA45 /* input-groups.less */ = {isa = PBXFileReference; lastKnownFileType = text; path = "input-groups.less"; sourceTree = "<group>"; };
		0A026DBB23E40C100090DA45 /* type.less */ = {isa = PBXFileReference; lastKnownFileType = text; path = type.less; sourceTree = "<group>"; };
		0A026DBC23E40C100090DA45 /* normalize.less */ = {isa = PBXFileReference; lastKnownFileType = text; path = normalize.less; sourceTree = "<group>"; };
		0A026DBD23E40C100090DA45 /* code.less */ = {isa = PBXFileReference; lastKnownFileType = text; path = code.less; sourceTree = "<group>"; };
		0A026DBE23E40C100090DA45 /* thumbnails.less */ = {isa = PBXFileReference; lastKnownFileType = text; path = thumbnails.less; sourceTree = "<group>"; };
		0A026DBF23E40C100090DA45 /* labels.less */ = {isa = PBXFileReference; lastKnownFileType = text; path = labels.less; sourceTree = "<group>"; };
		0A026DC023E40C100090DA45 /* alerts.less */ = {isa = PBXFileReference; lastKnownFileType = text; path = alerts.less; sourceTree = "<group>"; };
		0A026DC123E40C100090DA45 /* dropdowns.less */ = {isa = PBXFileReference; lastKnownFileType = text; path = dropdowns.less; sourceTree = "<group>"; };
		0A026DC223E40C100090DA45 /* popovers.less */ = {isa = PBXFileReference; lastKnownFileType = text; path = popovers.less; sourceTree = "<group>"; };
		0A026DC323E40C100090DA45 /* wells.less */ = {isa = PBXFileReference; lastKnownFileType = text; path = wells.less; sourceTree = "<group>"; };
		0A026DC423E40C100090DA45 /* scaffolding.less */ = {isa = PBXFileReference; lastKnownFileType = text; path = scaffolding.less; sourceTree = "<group>"; };
		0A026DC523E40C100090DA45 /* tables.less */ = {isa = PBXFileReference; lastKnownFileType = text; path = tables.less; sourceTree = "<group>"; };
		0A026DC623E40C100090DA45 /* modals.less */ = {isa = PBXFileReference; lastKnownFileType = text; path = modals.less; sourceTree = "<group>"; };
		0A026DC723E40C100090DA45 /* close.less */ = {isa = PBXFileReference; lastKnownFileType = text; path = close.less; sourceTree = "<group>"; };
		0A026DC823E40C100090DA45 /* tooltip.less */ = {isa = PBXFileReference; lastKnownFileType = text; path = tooltip.less; sourceTree = "<group>"; };
		0A026DC923E40C100090DA45 /* panels.less */ = {isa = PBXFileReference; lastKnownFileType = text; path = panels.less; sourceTree = "<group>"; };
		0A026DCB23E40C100090DA45 /* bootstrap.min.js */ = {isa = PBXFileReference; lastKnownFileType = sourcecode.javascript; path = bootstrap.min.js; sourceTree = "<group>"; };
		0A026DCD23E40C100090DA45 /* jquery.min.js */ = {isa = PBXFileReference; lastKnownFileType = sourcecode.javascript; path = jquery.min.js; sourceTree = "<group>"; };
		0A026DD023E40C100090DA45 /* font-awesome.min.css */ = {isa = PBXFileReference; lastKnownFileType = text.css; path = "font-awesome.min.css"; sourceTree = "<group>"; };
		0A026DD223E40C100090DA45 /* fontawesome-webfont.woff2 */ = {isa = PBXFileReference; lastKnownFileType = file; path = "fontawesome-webfont.woff2"; sourceTree = "<group>"; };
		0A026DD423E40C100090DA45 /* outreachstackedlogofooter.png */ = {isa = PBXFileReference; lastKnownFileType = image.png; path = outreachstackedlogofooter.png; sourceTree = "<group>"; };
		0A026DD523E40C100090DA45 /* outreachstackedlogo2.png */ = {isa = PBXFileReference; lastKnownFileType = image.png; path = outreachstackedlogo2.png; sourceTree = "<group>"; };
		0A026DD623E40C100090DA45 /* favicon.ico */ = {isa = PBXFileReference; lastKnownFileType = image.ico; path = favicon.ico; sourceTree = "<group>"; };
		0A026DD823E40C110090DA45 /* index.html */ = {isa = PBXFileReference; lastKnownFileType = text.html; path = index.html; sourceTree = "<group>"; };
		0A026DDA23E40C110090DA45 /* backgroundanswers.png */ = {isa = PBXFileReference; lastKnownFileType = image.png; path = backgroundanswers.png; sourceTree = "<group>"; };
		0A026DDB23E40C110090DA45 /* secPic1 (1).jpg */ = {isa = PBXFileReference; lastKnownFileType = image.jpeg; path = "secPic1 (1).jpg"; sourceTree = "<group>"; };
		0A026DDC23E40C110090DA45 /* chitwoodcenter.jpg */ = {isa = PBXFileReference; lastKnownFileType = image.jpeg; path = chitwoodcenter.jpg; sourceTree = "<group>"; };
		0A1AEA5D23E42A910052CD0C /* README.md */ = {isa = PBXFileReference; lastKnownFileType = net.daringfireball.markdown; path = README.md; sourceTree = SOURCE_ROOT; };
/* End PBXFileReference section */

/* Begin PBXGroup section */
		0A026D7423E40C100090DA45 /* css */ = {
			isa = PBXGroup;
			children = (
				0A026D7523E40C100090DA45 /* theme.css */,
				0A026D7623E40C100090DA45 /* theme-elements.css */,
				0A026D7723E40C100090DA45 /* skins */,
				0A026D7923E40C100090DA45 /* style.css */,
				0A026D7A23E40C100090DA45 /* theme-blog.css */,
			);
			path = css;
			sourceTree = "<group>";
		};
		0A026D7723E40C100090DA45 /* skins */ = {
			isa = PBXGroup;
			children = (
				0A026D7823E40C100090DA45 /* default.css */,
			);
			path = skins;
			sourceTree = "<group>";
		};
		0A026D7B23E40C100090DA45 /* js */ = {
			isa = PBXGroup;
			children = (
				0A026D7C23E40C100090DA45 /* theme.js */,
				0A026D7E23E40C100090DA45 /* theme.init.js */,
			);
			path = js;
			sourceTree = "<group>";
		};
		0A026D7F23E40C100090DA45 /* vendor */ = {
			isa = PBXGroup;
			children = (
				0A026D8023E40C100090DA45 /* bootstrap */,
				0A026DCC23E40C100090DA45 /* jquery */,
				0A026DCE23E40C100090DA45 /* font-awesome */,
			);
			path = vendor;
			sourceTree = "<group>";
		};
		0A026D8023E40C100090DA45 /* bootstrap */ = {
			isa = PBXGroup;
			children = (
				0A026D8123E40C100090DA45 /* css */,
				0A026DCA23E40C100090DA45 /* js */,
			);
			path = bootstrap;
			sourceTree = "<group>";
		};
		0A026D8123E40C100090DA45 /* css */ = {
			isa = PBXGroup;
			children = (
				0A026D8223E40C100090DA45 /* bootstrap.min.css */,
				0A026D8323E40C100090DA45 /* bootstrap.css */,
				0A026D8423E40C100090DA45 /* dist */,
				0A026D8723E40C100090DA45 /* less */,
			);
			path = css;
			sourceTree = "<group>";
		};
		0A026D8423E40C100090DA45 /* dist */ = {
			isa = PBXGroup;
			children = (
				0A026D8523E40C100090DA45 /* css */,
			);
			path = dist;
			sourceTree = "<group>";
		};
		0A026D8523E40C100090DA45 /* css */ = {
			isa = PBXGroup;
			children = (
				0A026D8623E40C100090DA45 /* bootstrap.css */,
			);
			path = css;
			sourceTree = "<group>";
		};
		0A026D8723E40C100090DA45 /* less */ = {
			isa = PBXGroup;
			children = (
				0A026D8823E40C100090DA45 /* forms.less */,
				0A026D8923E40C100090DA45 /* utilities.less */,
				0A026D8A23E40C100090DA45 /* navs.less */,
				0A026D8B23E40C100090DA45 /* component-animations.less */,
				0A026D8C23E40C100090DA45 /* responsive-utilities.less */,
				0A026D8D23E40C100090DA45 /* grid.less */,
				0A026D8E23E40C100090DA45 /* breadcrumbs.less */,
				0A026D8F23E40C100090DA45 /* media.less */,
				0A026D9023E40C100090DA45 /* mixins */,
				0A026DAD23E40C100090DA45 /* carousel.less */,
				0A026DAE23E40C100090DA45 /* print.less */,
				0A026DAF23E40C100090DA45 /* buttons.less */,
				0A026DB023E40C100090DA45 /* list-group.less */,
				0A026DB123E40C100090DA45 /* navbar.less */,
				0A026DB223E40C100090DA45 /* button-groups.less */,
				0A026DB323E40C100090DA45 /* progress-bars.less */,
				0A026DB423E40C100090DA45 /* glyphicons.less */,
				0A026DB523E40C100090DA45 /* responsive-embed.less */,
				0A026DB623E40C100090DA45 /* jumbotron.less */,
				0A026DB723E40C100090DA45 /* badges.less */,
				0A026DB823E40C100090DA45 /* pagination.less */,
				0A026DB923E40C100090DA45 /* pager.less */,
				0A026DBA23E40C100090DA45 /* input-groups.less */,
				0A026DBB23E40C100090DA45 /* type.less */,
				0A026DBC23E40C100090DA45 /* normalize.less */,
				0A026DBD23E40C100090DA45 /* code.less */,
				0A026DBE23E40C100090DA45 /* thumbnails.less */,
				0A026DBF23E40C100090DA45 /* labels.less */,
				0A026DC023E40C100090DA45 /* alerts.less */,
				0A026DC123E40C100090DA45 /* dropdowns.less */,
				0A026DC223E40C100090DA45 /* popovers.less */,
				0A026DC323E40C100090DA45 /* wells.less */,
				0A026DC423E40C100090DA45 /* scaffolding.less */,
				0A026DC523E40C100090DA45 /* tables.less */,
				0A026DC623E40C100090DA45 /* modals.less */,
				0A026DC723E40C100090DA45 /* close.less */,
				0A026DC823E40C100090DA45 /* tooltip.less */,
				0A026DC923E40C100090DA45 /* panels.less */,
			);
			path = less;
			sourceTree = "<group>";
		};
		0A026D9023E40C100090DA45 /* mixins */ = {
			isa = PBXGroup;
			children = (
				0A026D9123E40C100090DA45 /* forms.less */,
				0A026D9223E40C100090DA45 /* text-emphasis.less */,
				0A026D9323E40C100090DA45 /* nav-vertical-align.less */,
				0A026D9423E40C100090DA45 /* table-row.less */,
				0A026D9523E40C100090DA45 /* hide-text.less */,
				0A026D9623E40C100090DA45 /* grid.less */,
				0A026D9723E40C100090DA45 /* gradients.less */,
				0A026D9823E40C100090DA45 /* nav-divider.less */,
				0A026D9923E40C100090DA45 /* buttons.less */,
				0A026D9A23E40C100090DA45 /* list-group.less */,
				0A026D9B23E40C100090DA45 /* image.less */,
				0A026D9C23E40C100090DA45 /* reset-filter.less */,
				0A026D9D23E40C100090DA45 /* text-overflow.less */,
				0A026D9E23E40C100090DA45 /* background-variant.less */,
				0A026D9F23E40C100090DA45 /* pagination.less */,
				0A026DA023E40C100090DA45 /* center-block.less */,
				0A026DA123E40C100090DA45 /* responsive-visibility.less */,
				0A026DA223E40C100090DA45 /* labels.less */,
				0A026DA323E40C100090DA45 /* grid-framework.less */,
				0A026DA423E40C100090DA45 /* border-radius.less */,
				0A026DA523E40C100090DA45 /* clearfix.less */,
				0A026DA623E40C100090DA45 /* opacity.less */,
				0A026DA723E40C100090DA45 /* alerts.less */,
				0A026DA823E40C100090DA45 /* progress-bar.less */,
				0A026DA923E40C100090DA45 /* vendor-prefixes.less */,
				0A026DAA23E40C100090DA45 /* reset-text.less */,
				0A026DAB23E40C100090DA45 /* panels.less */,
				0A026DAC23E40C100090DA45 /* tab-focus.less */,
			);
			path = mixins;
			sourceTree = "<group>";
		};
		0A026DCA23E40C100090DA45 /* js */ = {
			isa = PBXGroup;
			children = (
				0A026DCB23E40C100090DA45 /* bootstrap.min.js */,
			);
			path = js;
			sourceTree = "<group>";
		};
		0A026DCC23E40C100090DA45 /* jquery */ = {
			isa = PBXGroup;
			children = (
				0A026DCD23E40C100090DA45 /* jquery.min.js */,
			);
			path = jquery;
			sourceTree = "<group>";
		};
		0A026DCE23E40C100090DA45 /* font-awesome */ = {
			isa = PBXGroup;
			children = (
				0A026DCF23E40C100090DA45 /* css */,
				0A026DD123E40C100090DA45 /* fonts */,
			);
			path = "font-awesome";
			sourceTree = "<group>";
		};
		0A026DCF23E40C100090DA45 /* css */ = {
			isa = PBXGroup;
			children = (
				0A026DD023E40C100090DA45 /* font-awesome.min.css */,
			);
			path = css;
			sourceTree = "<group>";
		};
		0A026DD123E40C100090DA45 /* fonts */ = {
			isa = PBXGroup;
			children = (
				0A026DD223E40C100090DA45 /* fontawesome-webfont.woff2 */,
			);
			path = fonts;
			sourceTree = "<group>";
		};
		0A026DD323E40C100090DA45 /* img */ = {
			isa = PBXGroup;
			children = (
				0A026DD423E40C100090DA45 /* outreachstackedlogofooter.png */,
				0A026DD523E40C100090DA45 /* outreachstackedlogo2.png */,
				0A026DD623E40C100090DA45 /* favicon.ico */,
			);
			path = img;
			sourceTree = "<group>";
		};
		0A026DD723E40C110090DA45 /* major */ = {
			isa = PBXGroup;
			children = (
				0A026DD823E40C110090DA45 /* index.html */,
				0A026DD923E40C110090DA45 /* img */,
			);
			path = major;
			sourceTree = "<group>";
		};
		0A026DD923E40C110090DA45 /* img */ = {
			isa = PBXGroup;
			children = (
				0A026DDA23E40C110090DA45 /* backgroundanswers.png */,
				0A026DDB23E40C110090DA45 /* secPic1 (1).jpg */,
				0A026DDC23E40C110090DA45 /* chitwoodcenter.jpg */,
			);
			path = img;
			sourceTree = "<group>";
		};
		0A7D834123E3AD4200A33317 = {
			isa = PBXGroup;
			children = (
				0A1AEA5D23E42A910052CD0C /* README.md */,
				0A026D7423E40C100090DA45 /* css */,
				0A026DD323E40C100090DA45 /* img */,
				0A026D7B23E40C100090DA45 /* js */,
				0A026DD723E40C110090DA45 /* major */,
				0A026D7F23E40C100090DA45 /* vendor */,
			);
			sourceTree = "<group>";
		};
/* End PBXGroup section */

/* Begin PBXProject section */
		0A7D834223E3AD4200A33317 /* Project object */ = {
			isa = PBXProject;
			attributes = {
				LastUpgradeCheck = 1130;
			};
			buildConfigurationList = 0A7D834523E3AD4200A33317 /* Build configuration list for PBXProject "Outreach Major Finder" */;
			compatibilityVersion = "Xcode 9.3";
			developmentRegion = en;
			hasScannedForEncodings = 0;
			knownRegions = (
				en,
				Base,
			);
			mainGroup = 0A7D834123E3AD4200A33317;
			projectDirPath = "";
			projectRoot = "";
			targets = (
			);
		};
/* End PBXProject section */

/* Begin XCBuildConfiguration section */
		0A7D834623E3AD4200A33317 /* Debug */ = {
			isa = XCBuildConfiguration;
			buildSettings = {
			};
			name = Debug;
		};
		0A7D834723E3AD4200A33317 /* Release */ = {
			isa = XCBuildConfiguration;
			buildSettings = {
			};
			name = Release;
		};
/* End XCBuildConfiguration section */

/* Begin XCConfigurationList section */
		0A7D834523E3AD4200A33317 /* Build configuration list for PBXProject "Outreach Major Finder" */ = {
			isa = XCConfigurationList;
			buildConfigurations = (
				0A7D834623E3AD4200A33317 /* Debug */,
				0A7D834723E3AD4200A33317 /* Release */,
			);
			defaultConfigurationIsVisible = 0;
			defaultConfigurationName = Release;
		};
/* End XCConfigurationList section */
	};
	rootObject = 0A7D834223E3AD4200A33317 /* Project object */;
}
